
Microsoft Visual Studio Solution File, Format Version 12.00
# Visual Studio 15
VisualStudioVersion = 15.0.28307.168
MinimumVisualStudioVersion = 10.0.40219.1
Project("{FAE04EC0-301F-11D3-BF4B-00C04F79EFBC}") = "LogConsoleApp", "LogConsoleApp\LogConsoleApp.csproj", "{53E034E8-D34F-437A-B72E-625840902158}"
EndProject
Global
	GlobalSection(SolutionConfigurationPlatforms) = preSolution
		Debug|Any CPU = Debug|Any CPU
		Release|Any CPU = Release|Any CPU
	EndGlobalSection
	GlobalSection(ProjectConfigurationPlatforms) = postSolution
		{53E034E8-D34F-437A-B72E-625840902158}.Debug|Any CPU.ActiveCfg = Debug|Any CPU
		{53E034E8-D34F-437A-B72E-625840902158}.Debug|Any CPU.Build.0 = Debug|Any CPU
		{53E034E8-D34F-437A-B72E-625840902158}.Release|Any CPU.ActiveCfg = Release|Any CPU
		{53E034E8-D34F-437A-B72E-625840902158}.Release|Any CPU.Build.0 = Release|Any CPU
	EndGlobalSection
	GlobalSection(SolutionProperties) = preSolution
		HideSolutionNode = FALSE
	EndGlobalSection
	GlobalSection(ExtensibilityGlobals) = postSolution
		SolutionGuid = {91F83D94-6807-4CA5-AA6D-0E88E5A65C53}
	EndGlobalSection
EndGlobal
